
Microsoft Visual Studio Solution File, Format Version 12.00
# Visual Studio 15
VisualStudioVersion = 15.0.28010.2050
MinimumVisualStudioVersion = 10.0.40219.1
Project("{FAE04EC0-301F-11D3-BF4B-00C04F79EFBC}") = "TaskuSarasas", "TaskuSarasas\TaskuSarasas.csproj", "{E7BA3840-D367-4B17-A07E-0A0132853760}"
EndProject
Global
	GlobalSection(SolutionConfigurationPlatforms) = preSolution
		Debug|Any CPU = Debug|Any CPU
		Release|Any CPU = Release|Any CPU
	EndGlobalSection
	GlobalSection(ProjectConfigurationPlatforms) = postSolution
		{E7BA3840-D367-4B17-A07E-0A0132853760}.Debug|Any CPU.ActiveCfg = Debug|Any CPU
		{E7BA3840-D367-4B17-A07E-0A0132853760}.Debug|Any CPU.Build.0 = Debug|Any CPU
		{E7BA3840-D367-4B17-A07E-0A0132853760}.Release|Any CPU.ActiveCfg = Release|Any CPU
		{E7BA3840-D367-4B17-A07E-0A0132853760}.Release|Any CPU.Build.0 = Release|Any CPU
	EndGlobalSection
	GlobalSection(SolutionProperties) = preSolution
		HideSolutionNode = FALSE
	EndGlobalSection
	GlobalSection(ExtensibilityGlobals) = postSolution
		SolutionGuid = {E50F972A-9B3F-4045-BB97-69966CD4A416}
	EndGlobalSection
EndGlobal
